
Microsoft Visual Studio Solution File, Format Version 11.00
# Visual C# Express 2010
Project("{FAE04EC0-301F-11D3-BF4B-00C04F79EFBC}") = "WebBundleEncoder", "WebBundleEncoder.csproj", "{4C5ABF8F-F6CB-4BA3-AFFF-3636FE86F587}"
EndProject
Global
	GlobalSection(SolutionConfigurationPlatforms) = preSolution
		Debug|x86 = Debug|x86
		Release|x86 = Release|x86
	EndGlobalSection
	GlobalSection(ProjectConfigurationPlatforms) = postSolution
		{4C5ABF8F-F6CB-4BA3-AFFF-3636FE86F587}.Debug|x86.ActiveCfg = Debug|x86
		{4C5ABF8F-F6CB-4BA3-AFFF-3636FE86F587}.Debug|x86.Build.0 = Debug|x86
		{4C5ABF8F-F6CB-4BA3-AFFF-3636FE86F587}.Release|x86.ActiveCfg = Release|x86
		{4C5ABF8F-F6CB-4BA3-AFFF-3636FE86F587}.Release|x86.Build.0 = Release|x86
	EndGlobalSection
	GlobalSection(SolutionProperties) = preSolution
		HideSolutionNode = FALSE
	EndGlobalSection
EndGlobal
